<?xml version="1.0" encoding="utf-8"?>
<Project ToolsVersion="4.0" xmlns="http://schemas.microsoft.com/developer/msbuild/2003">
  <ItemGroup>
    <Filter Include="源文件">
      <UniqueIdentifier>{4FC737F1-C7A5-4376-A066-2A32D752A2FF}</UniqueIdentifier>
      <Extensions>cpp;c;cc;cxx;def;odl;idl;hpj;bat;asm;asmx</Extensions>
    </Filter>
    <Filter Include="头文件">
      <UniqueIdentifier>{93995380-89BD-4b04-88EB-625FBE52EBFB}</UniqueIdentifier>
      <Extensions>h;hh;hpp;hxx;hm;inl;inc;xsd</Extensions>
    </Filter>
    <Filter Include="资源文件">
      <UniqueIdentifier>{67DA6AB6-F800-4c08-8B7A-83BB121AAD01}</UniqueIdentifier>
      <Extensions>rc;ico;cur;bmp;dlg;rc2;rct;bin;rgs;gif;jpg;jpeg;jpe;resx;tiff;tif;png;wav;mfcribbon-ms</Extensions>
    </Filter>
    <Filter Include="task">
      <UniqueIdentifier>{3786ae78-16ec-4e4d-901d-10617a16c3e3}</UniqueIdentifier>
    </Filter>
    <Filter Include="component">
      <UniqueIdentifier>{fc011458-621f-4885-ab07-01d66e7d4fba}</UniqueIdentifier>
    </Filter>
    <Filter Include="protocol">
      <UniqueIdentifier>{5a1e2ddc-ec91-4d3f-9f1c-4fc540a49853}</UniqueIdentifier>
    </Filter>
    <Filter Include="protocol\protobuf">
      <UniqueIdentifier>{33b6c054-9708-4658-8953-d4fcbb1e091c}</UniqueIdentifier>
    </Filter>
    <Filter Include="protocol\tars">
      <UniqueIdentifier>{b953a800-33eb-4e2f-bb6f-4a8e524d9f19}</UniqueIdentifier>
    </Filter>
    <Filter Include="protocol\json">
      <UniqueIdentifier>{ec4ca79c-5217-4433-b687-6c28281b8778}</UniqueIdentifier>
    </Filter>
    <Filter Include="request">
      <UniqueIdentifier>{c1ef97be-9759-476e-b990-6592fc8cd5c7}</UniqueIdentifier>
    </Filter>
  </ItemGroup>
  <ItemGroup>
    <Text Include="ReadMe.txt" />
  </ItemGroup>
  <ItemGroup>
    <ClInclude Include="component\app_callback.h">
      <Filter>component</Filter>
    </ClInclude>
    <ClInclude Include="component\longlink_packer.h">
      <Filter>component</Filter>
    </ClInclude>
    <ClInclude Include="component\shortlink_packer.h">
      <Filter>component</Filter>
    </ClInclude>
    <ClInclude Include="component\stn_callback.h">
      <Filter>component</Filter>
    </ClInclude>
    <ClInclude Include="component\stnproto_logic.h">
      <Filter>component</Filter>
    </ClInclude>
    <ClInclude Include="NetworkObserver.h">
      <Filter>头文件</Filter>
    </ClInclude>
    <ClInclude Include="NetworkService.h">
      <Filter>头文件</Filter>
    </ClInclude>
    <ClInclude Include="MarsWrapper.h">
      <Filter>头文件</Filter>
    </ClInclude>
    <ClInclude Include="request\Tars.h">
      <Filter>request</Filter>
    </ClInclude>
    <ClInclude Include="request\TarsDisplayer.h">
      <Filter>request</Filter>
    </ClInclude>
    <ClInclude Include="request\TarsType.h">
      <Filter>request</Filter>
    </ClInclude>
    <ClInclude Include="request\tup.h">
      <Filter>request</Filter>
    </ClInclude>
    <ClInclude Include="task\Login_Task.h">
      <Filter>task</Filter>
    </ClInclude>
    <ClInclude Include="task\CGITask.h">
      <Filter>task</Filter>
    </ClInclude>
    <ClInclude Include="request\request.h">
      <Filter>request</Filter>
    </ClInclude>
  </ItemGroup>
  <ItemGroup>
    <ClCompile Include="component\app_callback.cpp">
      <Filter>component</Filter>
    </ClCompile>
    <ClCompile Include="component\longlink_packer.cc">
      <Filter>component</Filter>
    </ClCompile>
    <ClCompile Include="component\shortlink_packer.cc">
      <Filter>component</Filter>
    </ClCompile>
    <ClCompile Include="component\stn_callback.cpp">
      <Filter>component</Filter>
    </ClCompile>
    <ClCompile Include="NetworkService.cpp">
      <Filter>源文件</Filter>
    </ClCompile>
    <ClCompile Include="MarsWrapper.cpp">
      <Filter>源文件</Filter>
    </ClCompile>
    <ClCompile Include="task\Login_Task.cpp">
      <Filter>task</Filter>
    </ClCompile>
  </ItemGroup>
</Project>