<?xml version="1.0" encoding="utf-8"?>
<Project ToolsVersion="4.0" xmlns="http://schemas.microsoft.com/developer/msbuild/2003">
  <ItemGroup>
    <Filter Include="源文件">
      <UniqueIdentifier>{4FC737F1-C7A5-4376-A066-2A32D752A2FF}</UniqueIdentifier>
      <Extensions>cpp;c;cc;cxx;def;odl;idl;hpj;bat;asm;asmx</Extensions>
    </Filter>
    <Filter Include="头文件">
      <UniqueIdentifier>{93995380-89BD-4b04-88EB-625FBE52EBFB}</UniqueIdentifier>
      <Extensions>h;hh;hpp;hxx;hm;inl;inc;xsd</Extensions>
    </Filter>
    <Filter Include="资源文件">
      <UniqueIdentifier>{67DA6AB6-F800-4c08-8B7A-83BB121AAD01}</UniqueIdentifier>
      <Extensions>rc;ico;cur;bmp;dlg;rc2;rct;bin;rgs;gif;jpg;jpeg;jpe;resx;tiff;tif;png;wav;mfcribbon-ms</Extensions>
    </Filter>
    <Filter Include="task">
      <UniqueIdentifier>{3786ae78-16ec-4e4d-901d-10617a16c3e3}</UniqueIdentifier>
    </Filter>
    <Filter Include="component">
      <UniqueIdentifier>{fc011458-621f-4885-ab07-01d66e7d4fba}</UniqueIdentifier>
    </Filter>
    <Filter Include="protocol">
      <UniqueIdentifier>{5a1e2ddc-ec91-4d3f-9f1c-4fc540a49853}</UniqueIdentifier>
    </Filter>
    <Filter Include="protocol\protobuf">
      <UniqueIdentifier>{33b6c054-9708-4658-8953-d4fcbb1e091c}</UniqueIdentifier>
    </Filter>
    <Filter Include="protocol\tars">
      <UniqueIdentifier>{b953a800-33eb-4e2f-bb6f-4a8e524d9f19}</UniqueIdentifier>
    </Filter>
    <Filter Include="protocol\json">
      <UniqueIdentifier>{ec4ca79c-5217-4433-b687-6c28281b8778}</UniqueIdentifier>
    </Filter>
    <Filter Include="idl">
      <UniqueIdentifier>{c1ef97be-9759-476e-b990-6592fc8cd5c7}</UniqueIdentifier>
    </Filter>
    <Filter Include="idl\tars">
      <UniqueIdentifier>{5de17444-2a96-4bd3-b69f-f97cd6817209}</UniqueIdentifier>
    </Filter>
    <Filter Include="idl\json">
      <UniqueIdentifier>{a87928b9-9e9d-401b-89a2-92331a179410}</UniqueIdentifier>
    </Filter>
    <Filter Include="idl\json\json">
      <UniqueIdentifier>{79230ec8-20c9-4e92-b19d-d3bb86c1ae29}</UniqueIdentifier>
    </Filter>
  </ItemGroup>
  <ItemGroup>
    <Text Include="ReadMe.txt" />
  </ItemGroup>
  <ItemGroup>
    <ClInclude Include="component\app_callback.h">
      <Filter>component</Filter>
    </ClInclude>
    <ClInclude Include="component\longlink_packer.h">
      <Filter>component</Filter>
    </ClInclude>
    <ClInclude Include="component\shortlink_packer.h">
      <Filter>component</Filter>
    </ClInclude>
    <ClInclude Include="component\stn_callback.h">
      <Filter>component</Filter>
    </ClInclude>
    <ClInclude Include="component\stnproto_logic.h">
      <Filter>component</Filter>
    </ClInclude>
    <ClInclude Include="NetworkObserver.h">
      <Filter>头文件</Filter>
    </ClInclude>
    <ClInclude Include="NetworkService.h">
      <Filter>头文件</Filter>
    </ClInclude>
    <ClInclude Include="MarsWrapper.h">
      <Filter>头文件</Filter>
    </ClInclude>
    <ClInclude Include="task\Login_Task.h">
      <Filter>task</Filter>
    </ClInclude>
    <ClInclude Include="task\CGITask.h">
      <Filter>task</Filter>
    </ClInclude>
    <ClInclude Include="protocol\tars\Tars.h">
      <Filter>protocol\tars</Filter>
    </ClInclude>
    <ClInclude Include="protocol\tars\TarsDisplayer.h">
      <Filter>protocol\tars</Filter>
    </ClInclude>
    <ClInclude Include="protocol\tars\TarsType.h">
      <Filter>protocol\tars</Filter>
    </ClInclude>
    <ClInclude Include="protocol\tars\tup.h">
      <Filter>protocol\tars</Filter>
    </ClInclude>
    <ClInclude Include="idl\tars\access_tars.h">
      <Filter>idl\tars</Filter>
    </ClInclude>
    <ClInclude Include="idl\tars\msg_tars.h">
      <Filter>idl\tars</Filter>
    </ClInclude>
    <ClInclude Include="task\Msg_Task.h">
      <Filter>task</Filter>
    </ClInclude>
    <ClInclude Include="task\OffMsg_Task.h">
      <Filter>task</Filter>
    </ClInclude>
    <ClInclude Include="idl\tars\offmsg_tars.h">
      <Filter>idl\tars</Filter>
    </ClInclude>
    <ClInclude Include="task\NoBody_Task.h">
      <Filter>task</Filter>
    </ClInclude>
    <ClInclude Include="idl\tars\msg_resp_tars.h">
      <Filter>idl\tars</Filter>
    </ClInclude>
    <ClInclude Include="idl\tars\msg_result_tars.h">
      <Filter>idl\tars</Filter>
    </ClInclude>
    <ClInclude Include="task\CreateGroup_Task.h">
      <Filter>task</Filter>
    </ClInclude>
    <ClInclude Include="task\DeleteGroup_Task.h">
      <Filter>task</Filter>
    </ClInclude>
    <ClInclude Include="task\RemoveGroupUser_Task.h">
      <Filter>task</Filter>
    </ClInclude>
    <ClInclude Include="idl\json\JsonObjectBase.h">
      <Filter>idl\json</Filter>
    </ClInclude>
    <ClInclude Include="idl\json\HttpRespBase.h">
      <Filter>idl\json</Filter>
    </ClInclude>
    <ClInclude Include="idl\json\CreateGroupResp_Json.h">
      <Filter>idl\json</Filter>
    </ClInclude>
    <ClInclude Include="idl\json\AddGroupUserResp_Json.h">
      <Filter>idl\json</Filter>
    </ClInclude>
    <ClInclude Include="task\AddGroupUser_Task.h">
      <Filter>task</Filter>
    </ClInclude>
    <ClInclude Include="idl\json\reqData.h">
      <Filter>idl\json</Filter>
    </ClInclude>
    <ClInclude Include="idl\json\DeleteGroupResp_Json.h">
      <Filter>idl\json</Filter>
    </ClInclude>
  </ItemGroup>
  <ItemGroup>
    <ClCompile Include="component\app_callback.cpp">
      <Filter>component</Filter>
    </ClCompile>
    <ClCompile Include="component\longlink_packer.cc">
      <Filter>component</Filter>
    </ClCompile>
    <ClCompile Include="component\shortlink_packer.cc">
      <Filter>component</Filter>
    </ClCompile>
    <ClCompile Include="component\stn_callback.cpp">
      <Filter>component</Filter>
    </ClCompile>
    <ClCompile Include="NetworkService.cpp">
      <Filter>源文件</Filter>
    </ClCompile>
    <ClCompile Include="MarsWrapper.cpp">
      <Filter>源文件</Filter>
    </ClCompile>
    <ClCompile Include="task\Login_Task.cpp">
      <Filter>task</Filter>
    </ClCompile>
    <ClCompile Include="task\Msg_Task.cpp">
      <Filter>task</Filter>
    </ClCompile>
    <ClCompile Include="task\OffMsg_Task.cpp">
      <Filter>task</Filter>
    </ClCompile>
    <ClCompile Include="task\NoBody_Task.cpp">
      <Filter>task</Filter>
    </ClCompile>
    <ClCompile Include="task\CreateGroup_Task.cpp">
      <Filter>task</Filter>
    </ClCompile>
    <ClCompile Include="task\DeleteGroup_Task.cpp">
      <Filter>task</Filter>
    </ClCompile>
    <ClCompile Include="task\RemoveGroupUser_Task.cpp">
      <Filter>task</Filter>
    </ClCompile>
    <ClCompile Include="idl\json\json\json_reader.cpp">
      <Filter>idl\json\json</Filter>
    </ClCompile>
    <ClCompile Include="idl\json\json\json_value.cpp">
      <Filter>idl\json\json</Filter>
    </ClCompile>
    <ClCompile Include="idl\json\json\json_writer.cpp">
      <Filter>idl\json\json</Filter>
    </ClCompile>
    <ClCompile Include="idl\json\JsonObjectBase.cpp">
      <Filter>idl\json</Filter>
    </ClCompile>
    <ClCompile Include="idl\json\HttpRespBase.cpp">
      <Filter>idl\json</Filter>
    </ClCompile>
    <ClCompile Include="idl\json\CreateGroupResp_Json.cpp">
      <Filter>idl\json</Filter>
    </ClCompile>
    <ClCompile Include="idl\json\AddGroupUserResp_Json.cpp">
      <Filter>idl\json</Filter>
    </ClCompile>
    <ClCompile Include="task\AddGroupUser_Task.cpp">
      <Filter>task</Filter>
    </ClCompile>
    <ClCompile Include="idl\json\DeleteGroupResp_Json.cpp">
      <Filter>idl\json</Filter>
    </ClCompile>
  </ItemGroup>
</Project>